
Microsoft Visual Studio Solution File, Format Version 12.00
# Visual Studio Version 16
VisualStudioVersion = 16.0.31205.134
MinimumVisualStudioVersion = 10.0.40219.1
Project("{9A19103F-16F7-4668-BE54-9A1E7A4F7556}") = "Recruitment.API", "Recruitment.API\Recruitment.API.csproj", "{E1A1C197-9007-4772-A8D7-F6FB55C70C4B}"
EndProject
Project("{9A19103F-16F7-4668-BE54-9A1E7A4F7556}") = "Recruitment.Contracts", "Recruitment.Contracts\Recruitment.Contracts.csproj", "{7F7714FD-0E82-49AB-AB54-0E2790BD6D18}"
EndProject
Project("{9A19103F-16F7-4668-BE54-9A1E7A4F7556}") = "Recruitment.Client", "Recruitment.Client\Recruitment.Client.csproj", "{6A3E2E55-6987-4E7B-A003-0678EA14938C}"
EndProject
Project("{FAE04EC0-301F-11D3-BF4B-00C04F79EFBC}") = "Recuitment.Tests", "Recuitment.Tests\Recuitment.Tests.csproj", "{00527D48-8B9D-45AD-8036-94858A7AB082}"
EndProject
Global
	GlobalSection(SolutionConfigurationPlatforms) = preSolution
		Debug|Any CPU = Debug|Any CPU
		Release|Any CPU = Release|Any CPU
	EndGlobalSection
	GlobalSection(ProjectConfigurationPlatforms) = postSolution
		{E1A1C197-9007-4772-A8D7-F6FB55C70C4B}.Debug|Any CPU.ActiveCfg = Debug|Any CPU
		{E1A1C197-9007-4772-A8D7-F6FB55C70C4B}.Debug|Any CPU.Build.0 = Debug|Any CPU
		{E1A1C197-9007-4772-A8D7-F6FB55C70C4B}.Release|Any CPU.ActiveCfg = Release|Any CPU
		{E1A1C197-9007-4772-A8D7-F6FB55C70C4B}.Release|Any CPU.Build.0 = Release|Any CPU
		{7F7714FD-0E82-49AB-AB54-0E2790BD6D18}.Debug|Any CPU.ActiveCfg = Debug|Any CPU
		{7F7714FD-0E82-49AB-AB54-0E2790BD6D18}.Debug|Any CPU.Build.0 = Debug|Any CPU
		{7F7714FD-0E82-49AB-AB54-0E2790BD6D18}.Release|Any CPU.ActiveCfg = Release|Any CPU
		{7F7714FD-0E82-49AB-AB54-0E2790BD6D18}.Release|Any CPU.Build.0 = Release|Any CPU
		{6A3E2E55-6987-4E7B-A003-0678EA14938C}.Debug|Any CPU.ActiveCfg = Debug|Any CPU
		{6A3E2E55-6987-4E7B-A003-0678EA14938C}.Debug|Any CPU.Build.0 = Debug|Any CPU
		{6A3E2E55-6987-4E7B-A003-0678EA14938C}.Release|Any CPU.ActiveCfg = Release|Any CPU
		{6A3E2E55-6987-4E7B-A003-0678EA14938C}.Release|Any CPU.Build.0 = Release|Any CPU
		{00527D48-8B9D-45AD-8036-94858A7AB082}.Debug|Any CPU.ActiveCfg = Debug|Any CPU
		{00527D48-8B9D-45AD-8036-94858A7AB082}.Debug|Any CPU.Build.0 = Debug|Any CPU
		{00527D48-8B9D-45AD-8036-94858A7AB082}.Release|Any CPU.ActiveCfg = Release|Any CPU
		{00527D48-8B9D-45AD-8036-94858A7AB082}.Release|Any CPU.Build.0 = Release|Any CPU
	EndGlobalSection
	GlobalSection(SolutionProperties) = preSolution
		HideSolutionNode = FALSE
	EndGlobalSection
	GlobalSection(ExtensibilityGlobals) = postSolution
		SolutionGuid = {CC15FA12-CE22-43A9-8CFF-10EBF6971D5B}
	EndGlobalSection
EndGlobal
